
Microsoft Visual Studio Solution File, Format Version 12.00
# Visual Studio Version 16
VisualStudioVersion = 16.0.31005.135
MinimumVisualStudioVersion = 10.0.40219.1
Project("{FAE04EC0-301F-11D3-BF4B-00C04F79EFBC}") = "Faker", "Faker\Faker.csproj", "{FF45B9B7-BD1D-4C16-A864-D6A62179E768}"
EndProject
Project("{FAE04EC0-301F-11D3-BF4B-00C04F79EFBC}") = "FakerLibrary", "FakerLibrary\FakerLibrary.csproj", "{C0B24B00-0061-46C6-9E88-5AD8F22A4A48}"
EndProject
Project("{2150E333-8FDC-42A3-9474-1A3956D46DE8}") = "Plugins", "Plugins", "{ED0CAB24-75A9-4C31-94DB-9B78977A9953}"
EndProject
Project("{FAE04EC0-301F-11D3-BF4B-00C04F79EFBC}") = "CharGenerator", "Plugins\CharGenerator\CharGenerator.csproj", "{DD472C7C-AD9B-4C90-901F-2B155F2BEF67}"
EndProject
Project("{FAE04EC0-301F-11D3-BF4B-00C04F79EFBC}") = "IntGenerator", "Plugins\IntGenerator\IntGenerator.csproj", "{202F1A12-0B44-46A3-93AF-F88BB06B0E4A}"
EndProject
Project("{FAE04EC0-301F-11D3-BF4B-00C04F79EFBC}") = "ByteGenerator", "Plugins\ByteGenerator\ByteGenerator.csproj", "{0D976E0B-3170-4199-9DE3-CEBA8411D21A}"
EndProject
Project("{FAE04EC0-301F-11D3-BF4B-00C04F79EFBC}") = "StringGenerator", "Plugins\StringGenerator\StringGenerator.csproj", "{FACDD456-C4FD-43D8-8C3D-17FB92F49072}"
EndProject
Project("{FAE04EC0-301F-11D3-BF4B-00C04F79EFBC}") = "BooleanGenerator", "Plugins\BooleanGenerator\BooleanGenerator.csproj", "{A78CA3B2-F7DD-4F6B-8C07-265042171079}"
EndProject
Project("{FAE04EC0-301F-11D3-BF4B-00C04F79EFBC}") = "ShortGenerator", "Plugins\ShortGenerator\ShortGenerator.csproj", "{8B9FAFEC-7A33-4431-852C-C236FB2B844F}"
EndProject
Project("{FAE04EC0-301F-11D3-BF4B-00C04F79EFBC}") = "LongGenerator", "Plugins\LongGenerator\LongGenerator.csproj", "{76EA75DB-D545-4179-A954-BAA6D4023C69}"
EndProject
Project("{FAE04EC0-301F-11D3-BF4B-00C04F79EFBC}") = "SByteGenerator", "Plugins\SByteGenerator\SByteGenerator.csproj", "{D6E153AA-6CD7-4DBC-9473-27585DB8440B}"
EndProject
Project("{FAE04EC0-301F-11D3-BF4B-00C04F79EFBC}") = "UIntGenerator", "Plugins\UIntGenerator\UIntGenerator.csproj", "{AEDF2C2D-F380-4F76-A5EB-C0062964A619}"
EndProject
Project("{FAE04EC0-301F-11D3-BF4B-00C04F79EFBC}") = "ULongGenerator", "Plugins\ULongGenerator\ULongGenerator.csproj", "{A3FE604F-CD3E-4EE4-890E-5C04893E0D7F}"
EndProject
Project("{FAE04EC0-301F-11D3-BF4B-00C04F79EFBC}") = "UShortGenerator", "Plugins\UShortGenerator\UShortGenerator.csproj", "{CFBEB862-24E3-40E9-8CBC-6A7889A58C9B}"
EndProject
Project("{FAE04EC0-301F-11D3-BF4B-00C04F79EFBC}") = "FloatGenerator", "Plugins\FloatGenerator\FloatGenerator.csproj", "{0F6142D5-3E42-4DC8-811E-46379885F556}"
EndProject
Project("{FAE04EC0-301F-11D3-BF4B-00C04F79EFBC}") = "DecimalGenerator", "Plugins\DecimalGenerator\DecimalGenerator.csproj", "{14CC8E99-F842-4388-8B1D-6E88C10DF0EF}"
EndProject
Project("{FAE04EC0-301F-11D3-BF4B-00C04F79EFBC}") = "DoubleGenerator", "Plugins\DoubleGenerator\DoubleGenerator.csproj", "{0E56ED75-149C-4C75-8F02-B6F3874A9794}"
EndProject
Project("{FAE04EC0-301F-11D3-BF4B-00C04F79EFBC}") = "DateTimeGenerator", "Plugins\DateTimeGenerator\DateTimeGenerator.csproj", "{A3A0833C-9651-4D6C-860D-4E3D75A31681}"
EndProject
Project("{FAE04EC0-301F-11D3-BF4B-00C04F79EFBC}") = "FakerTest", "FakerTest\FakerTest.csproj", "{A0F86FC9-8960-4ADC-9112-B980B58F253E}"
EndProject
Global
	GlobalSection(SolutionConfigurationPlatforms) = preSolution
		Debug|Any CPU = Debug|Any CPU
		Release|Any CPU = Release|Any CPU
	EndGlobalSection
	GlobalSection(ProjectConfigurationPlatforms) = postSolution
		{FF45B9B7-BD1D-4C16-A864-D6A62179E768}.Debug|Any CPU.ActiveCfg = Debug|Any CPU
		{FF45B9B7-BD1D-4C16-A864-D6A62179E768}.Debug|Any CPU.Build.0 = Debug|Any CPU
		{FF45B9B7-BD1D-4C16-A864-D6A62179E768}.Release|Any CPU.ActiveCfg = Release|Any CPU
		{FF45B9B7-BD1D-4C16-A864-D6A62179E768}.Release|Any CPU.Build.0 = Release|Any CPU
		{C0B24B00-0061-46C6-9E88-5AD8F22A4A48}.Debug|Any CPU.ActiveCfg = Debug|Any CPU
		{C0B24B00-0061-46C6-9E88-5AD8F22A4A48}.Debug|Any CPU.Build.0 = Debug|Any CPU
		{C0B24B00-0061-46C6-9E88-5AD8F22A4A48}.Release|Any CPU.ActiveCfg = Release|Any CPU
		{C0B24B00-0061-46C6-9E88-5AD8F22A4A48}.Release|Any CPU.Build.0 = Release|Any CPU
		{DD472C7C-AD9B-4C90-901F-2B155F2BEF67}.Debug|Any CPU.ActiveCfg = Debug|Any CPU
		{DD472C7C-AD9B-4C90-901F-2B155F2BEF67}.Debug|Any CPU.Build.0 = Debug|Any CPU
		{DD472C7C-AD9B-4C90-901F-2B155F2BEF67}.Release|Any CPU.ActiveCfg = Release|Any CPU
		{DD472C7C-AD9B-4C90-901F-2B155F2BEF67}.Release|Any CPU.Build.0 = Release|Any CPU
		{202F1A12-0B44-46A3-93AF-F88BB06B0E4A}.Debug|Any CPU.ActiveCfg = Debug|Any CPU
		{202F1A12-0B44-46A3-93AF-F88BB06B0E4A}.Debug|Any CPU.Build.0 = Debug|Any CPU
		{202F1A12-0B44-46A3-93AF-F88BB06B0E4A}.Release|Any CPU.ActiveCfg = Release|Any CPU
		{202F1A12-0B44-46A3-93AF-F88BB06B0E4A}.Release|Any CPU.Build.0 = Release|Any CPU
		{0D976E0B-3170-4199-9DE3-CEBA8411D21A}.Debug|Any CPU.ActiveCfg = Debug|Any CPU
		{0D976E0B-3170-4199-9DE3-CEBA8411D21A}.Debug|Any CPU.Build.0 = Debug|Any CPU
		{0D976E0B-3170-4199-9DE3-CEBA8411D21A}.Release|Any CPU.ActiveCfg = Release|Any CPU
		{0D976E0B-3170-4199-9DE3-CEBA8411D21A}.Release|Any CPU.Build.0 = Release|Any CPU
		{FACDD456-C4FD-43D8-8C3D-17FB92F49072}.Debug|Any CPU.ActiveCfg = Debug|Any CPU
		{FACDD456-C4FD-43D8-8C3D-17FB92F49072}.Debug|Any CPU.Build.0 = Debug|Any CPU
		{FACDD456-C4FD-43D8-8C3D-17FB92F49072}.Release|Any CPU.ActiveCfg = Release|Any CPU
		{FACDD456-C4FD-43D8-8C3D-17FB92F49072}.Release|Any CPU.Build.0 = Release|Any CPU
		{A78CA3B2-F7DD-4F6B-8C07-265042171079}.Debug|Any CPU.ActiveCfg = Debug|Any CPU
		{A78CA3B2-F7DD-4F6B-8C07-265042171079}.Debug|Any CPU.Build.0 = Debug|Any CPU
		{A78CA3B2-F7DD-4F6B-8C07-265042171079}.Release|Any CPU.ActiveCfg = Release|Any CPU
		{A78CA3B2-F7DD-4F6B-8C07-265042171079}.Release|Any CPU.Build.0 = Release|Any CPU
		{8B9FAFEC-7A33-4431-852C-C236FB2B844F}.Debug|Any CPU.ActiveCfg = Debug|Any CPU
		{8B9FAFEC-7A33-4431-852C-C236FB2B844F}.Debug|Any CPU.Build.0 = Debug|Any CPU
		{8B9FAFEC-7A33-4431-852C-C236FB2B844F}.Release|Any CPU.ActiveCfg = Release|Any CPU
		{8B9FAFEC-7A33-4431-852C-C236FB2B844F}.Release|Any CPU.Build.0 = Release|Any CPU
		{76EA75DB-D545-4179-A954-BAA6D4023C69}.Debug|Any CPU.ActiveCfg = Debug|Any CPU
		{76EA75DB-D545-4179-A954-BAA6D4023C69}.Debug|Any CPU.Build.0 = Debug|Any CPU
		{76EA75DB-D545-4179-A954-BAA6D4023C69}.Release|Any CPU.ActiveCfg = Release|Any CPU
		{76EA75DB-D545-4179-A954-BAA6D4023C69}.Release|Any CPU.Build.0 = Release|Any CPU
		{D6E153AA-6CD7-4DBC-9473-27585DB8440B}.Debug|Any CPU.ActiveCfg = Debug|Any CPU
		{D6E153AA-6CD7-4DBC-9473-27585DB8440B}.Debug|Any CPU.Build.0 = Debug|Any CPU
		{D6E153AA-6CD7-4DBC-9473-27585DB8440B}.Release|Any CPU.ActiveCfg = Release|Any CPU
		{D6E153AA-6CD7-4DBC-9473-27585DB8440B}.Release|Any CPU.Build.0 = Release|Any CPU
		{AEDF2C2D-F380-4F76-A5EB-C0062964A619}.Debug|Any CPU.ActiveCfg = Debug|Any CPU
		{AEDF2C2D-F380-4F76-A5EB-C0062964A619}.Debug|Any CPU.Build.0 = Debug|Any CPU
		{AEDF2C2D-F380-4F76-A5EB-C0062964A619}.Release|Any CPU.ActiveCfg = Release|Any CPU
		{AEDF2C2D-F380-4F76-A5EB-C0062964A619}.Release|Any CPU.Build.0 = Release|Any CPU
		{A3FE604F-CD3E-4EE4-890E-5C04893E0D7F}.Debug|Any CPU.ActiveCfg = Debug|Any CPU
		{A3FE604F-CD3E-4EE4-890E-5C04893E0D7F}.Debug|Any CPU.Build.0 = Debug|Any CPU
		{A3FE604F-CD3E-4EE4-890E-5C04893E0D7F}.Release|Any CPU.ActiveCfg = Release|Any CPU
		{A3FE604F-CD3E-4EE4-890E-5C04893E0D7F}.Release|Any CPU.Build.0 = Release|Any CPU
		{CFBEB862-24E3-40E9-8CBC-6A7889A58C9B}.Debug|Any CPU.ActiveCfg = Debug|Any CPU
		{CFBEB862-24E3-40E9-8CBC-6A7889A58C9B}.Debug|Any CPU.Build.0 = Debug|Any CPU
		{CFBEB862-24E3-40E9-8CBC-6A7889A58C9B}.Release|Any CPU.ActiveCfg = Release|Any CPU
		{CFBEB862-24E3-40E9-8CBC-6A7889A58C9B}.Release|Any CPU.Build.0 = Release|Any CPU
		{0F6142D5-3E42-4DC8-811E-46379885F556}.Debug|Any CPU.ActiveCfg = Debug|Any CPU
		{0F6142D5-3E42-4DC8-811E-46379885F556}.Debug|Any CPU.Build.0 = Debug|Any CPU
		{0F6142D5-3E42-4DC8-811E-46379885F556}.Release|Any CPU.ActiveCfg = Release|Any CPU
		{0F6142D5-3E42-4DC8-811E-46379885F556}.Release|Any CPU.Build.0 = Release|Any CPU
		{14CC8E99-F842-4388-8B1D-6E88C10DF0EF}.Debug|Any CPU.ActiveCfg = Debug|Any CPU
		{14CC8E99-F842-4388-8B1D-6E88C10DF0EF}.Debug|Any CPU.Build.0 = Debug|Any CPU
		{14CC8E99-F842-4388-8B1D-6E88C10DF0EF}.Release|Any CPU.ActiveCfg = Release|Any CPU
		{14CC8E99-F842-4388-8B1D-6E88C10DF0EF}.Release|Any CPU.Build.0 = Release|Any CPU
		{0E56ED75-149C-4C75-8F02-B6F3874A9794}.Debug|Any CPU.ActiveCfg = Debug|Any CPU
		{0E56ED75-149C-4C75-8F02-B6F3874A9794}.Debug|Any CPU.Build.0 = Debug|Any CPU
		{0E56ED75-149C-4C75-8F02-B6F3874A9794}.Release|Any CPU.ActiveCfg = Release|Any CPU
		{0E56ED75-149C-4C75-8F02-B6F3874A9794}.Release|Any CPU.Build.0 = Release|Any CPU
		{A3A0833C-9651-4D6C-860D-4E3D75A31681}.Debug|Any CPU.ActiveCfg = Debug|Any CPU
		{A3A0833C-9651-4D6C-860D-4E3D75A31681}.Debug|Any CPU.Build.0 = Debug|Any CPU
		{A3A0833C-9651-4D6C-860D-4E3D75A31681}.Release|Any CPU.ActiveCfg = Release|Any CPU
		{A3A0833C-9651-4D6C-860D-4E3D75A31681}.Release|Any CPU.Build.0 = Release|Any CPU
		{A0F86FC9-8960-4ADC-9112-B980B58F253E}.Debug|Any CPU.ActiveCfg = Debug|Any CPU
		{A0F86FC9-8960-4ADC-9112-B980B58F253E}.Debug|Any CPU.Build.0 = Debug|Any CPU
		{A0F86FC9-8960-4ADC-9112-B980B58F253E}.Release|Any CPU.ActiveCfg = Release|Any CPU
		{A0F86FC9-8960-4ADC-9112-B980B58F253E}.Release|Any CPU.Build.0 = Release|Any CPU
	EndGlobalSection
	GlobalSection(SolutionProperties) = preSolution
		HideSolutionNode = FALSE
	EndGlobalSection
	GlobalSection(NestedProjects) = preSolution
		{DD472C7C-AD9B-4C90-901F-2B155F2BEF67} = {ED0CAB24-75A9-4C31-94DB-9B78977A9953}
		{202F1A12-0B44-46A3-93AF-F88BB06B0E4A} = {ED0CAB24-75A9-4C31-94DB-9B78977A9953}
		{0D976E0B-3170-4199-9DE3-CEBA8411D21A} = {ED0CAB24-75A9-4C31-94DB-9B78977A9953}
		{FACDD456-C4FD-43D8-8C3D-17FB92F49072} = {ED0CAB24-75A9-4C31-94DB-9B78977A9953}
		{A78CA3B2-F7DD-4F6B-8C07-265042171079} = {ED0CAB24-75A9-4C31-94DB-9B78977A9953}
		{8B9FAFEC-7A33-4431-852C-C236FB2B844F} = {ED0CAB24-75A9-4C31-94DB-9B78977A9953}
		{76EA75DB-D545-4179-A954-BAA6D4023C69} = {ED0CAB24-75A9-4C31-94DB-9B78977A9953}
		{D6E153AA-6CD7-4DBC-9473-27585DB8440B} = {ED0CAB24-75A9-4C31-94DB-9B78977A9953}
		{AEDF2C2D-F380-4F76-A5EB-C0062964A619} = {ED0CAB24-75A9-4C31-94DB-9B78977A9953}
		{A3FE604F-CD3E-4EE4-890E-5C04893E0D7F} = {ED0CAB24-75A9-4C31-94DB-9B78977A9953}
		{CFBEB862-24E3-40E9-8CBC-6A7889A58C9B} = {ED0CAB24-75A9-4C31-94DB-9B78977A9953}
		{0F6142D5-3E42-4DC8-811E-46379885F556} = {ED0CAB24-75A9-4C31-94DB-9B78977A9953}
		{14CC8E99-F842-4388-8B1D-6E88C10DF0EF} = {ED0CAB24-75A9-4C31-94DB-9B78977A9953}
		{0E56ED75-149C-4C75-8F02-B6F3874A9794} = {ED0CAB24-75A9-4C31-94DB-9B78977A9953}
		{A3A0833C-9651-4D6C-860D-4E3D75A31681} = {ED0CAB24-75A9-4C31-94DB-9B78977A9953}
	EndGlobalSection
	GlobalSection(ExtensibilityGlobals) = postSolution
		SolutionGuid = {ABC06640-DAD8-4044-8728-72C69D7782CB}
	EndGlobalSection
EndGlobal
